{
  "name": "howtoqode",
  "version": "1.0.0",
  "lockfileVersion": 2,
  "requires": true,
  "packages": {
    "": {
      "name": "howtoqode",
      "version": "1.0.0",
      "license": "ISC",
      "dependencies": {
        "fsevents": "^2.3.2",
        "node-modules": "^0.0.1"
      }
    },
    "node_modules/fsevents": {
      "version": "2.3.2",
      "resolved": "https://registry.npmjs.org/fsevents/-/fsevents-2.3.2.tgz",
      "integrity": "sha512-xiqMQR4xAeHTuB9uWm+fFRcIOgKBMiOBP+eXiyT7jsgVCq1bkVygt00oASowB7EdtpOHaaPgKt812P9ab+DDKA==",
      "hasInstallScript": true,
      "os": [
        "darwin"
      ],
      "engines": {
        "node": "^8.16.0 || ^10.6.0 || >=11.0.0"
      }
    },
    "node_modules/node-modules": {
      "version": "0.0.1",
      "resolved": "https://registry.npmjs.org/node-modules/-/node-modules-0.0.1.tgz",
      "integrity": "sha512-310npB29YYezKgvU5Ei3z90rc95b0PA7vNF2Pw54MgcbnMd+t5c4LbmjP0/uDyapXb5vXcFuWEOIHtemQXN9Gw=="
    }
  },
  "dependencies": {
    "fsevents": {
      "version": "2.3.2",
      "resolved": "https://registry.npmjs.org/fsevents/-/fsevents-2.3.2.tgz",
      "integrity": "sha512-xiqMQR4xAeHTuB9uWm+fFRcIOgKBMiOBP+eXiyT7jsgVCq1bkVygt00oASowB7EdtpOHaaPgKt812P9ab+DDKA=="
    },
    "node-modules": {
      "version": "0.0.1",
      "resolved": "https://registry.npmjs.org/node-modules/-/node-modules-0.0.1.tgz",
      "integrity": "sha512-310npB29YYezKgvU5Ei3z90rc95b0PA7vNF2Pw54MgcbnMd+t5c4LbmjP0/uDyapXb5vXcFuWEOIHtemQXN9Gw=="
    }
  }
}
